
Microsoft Visual Studio Solution File, Format Version 12.00
# Visual Studio Version 16
VisualStudioVersion = 16.0.32106.194
MinimumVisualStudioVersion = 10.0.40219.1
Project("{FAE04EC0-301F-11D3-BF4B-00C04F79EFBC}") = "OnlineStoreMicroservices.ShoppingCart", "OnlineStoreMicroservices.ShoppingCart\OnlineStoreMicroservices.ShoppingCart.csproj", "{D94C6011-54CF-4D49-9C11-1A5AA4F9DEF5}"
EndProject
Project("{FAE04EC0-301F-11D3-BF4B-00C04F79EFBC}") = "OnlineStoreMicroservices.DiscountCoupon", "OnlineStoreMicroservices.DiscountCoupon\OnlineStoreMicroservices.DiscountCoupon.csproj", "{F5C123A1-6E24-4C7B-B365-415437CF7EC5}"
EndProject
Global
	GlobalSection(SolutionConfigurationPlatforms) = preSolution
		Debug|Any CPU = Debug|Any CPU
		Release|Any CPU = Release|Any CPU
	EndGlobalSection
	GlobalSection(ProjectConfigurationPlatforms) = postSolution
		{D94C6011-54CF-4D49-9C11-1A5AA4F9DEF5}.Debug|Any CPU.ActiveCfg = Debug|Any CPU
		{D94C6011-54CF-4D49-9C11-1A5AA4F9DEF5}.Debug|Any CPU.Build.0 = Debug|Any CPU
		{D94C6011-54CF-4D49-9C11-1A5AA4F9DEF5}.Release|Any CPU.ActiveCfg = Release|Any CPU
		{D94C6011-54CF-4D49-9C11-1A5AA4F9DEF5}.Release|Any CPU.Build.0 = Release|Any CPU
		{F5C123A1-6E24-4C7B-B365-415437CF7EC5}.Debug|Any CPU.ActiveCfg = Debug|Any CPU
		{F5C123A1-6E24-4C7B-B365-415437CF7EC5}.Debug|Any CPU.Build.0 = Debug|Any CPU
		{F5C123A1-6E24-4C7B-B365-415437CF7EC5}.Release|Any CPU.ActiveCfg = Release|Any CPU
		{F5C123A1-6E24-4C7B-B365-415437CF7EC5}.Release|Any CPU.Build.0 = Release|Any CPU
	EndGlobalSection
	GlobalSection(SolutionProperties) = preSolution
		HideSolutionNode = FALSE
	EndGlobalSection
	GlobalSection(ExtensibilityGlobals) = postSolution
		SolutionGuid = {9891145C-DABB-4BF2-86A8-C031CA4E1968}
	EndGlobalSection
EndGlobal
