
Microsoft Visual Studio Solution File, Format Version 12.00
# Visual Studio Version 16
VisualStudioVersion = 16.0.32106.194
MinimumVisualStudioVersion = 10.0.40219.1
Project("{9A19103F-16F7-4668-BE54-9A1E7A4F7556}") = "OnlineStoreMicroservices.ShoppingCart", "OnlineStoreMicroservices.ShoppingCart\OnlineStoreMicroservices.ShoppingCart.csproj", "{D94C6011-54CF-4D49-9C11-1A5AA4F9DEF5}"
EndProject
Project("{9A19103F-16F7-4668-BE54-9A1E7A4F7556}") = "OnlineStoreMicroservices.DiscountCoupon", "OnlineStoreMicroservices.DiscountCoupon\OnlineStoreMicroservices.DiscountCoupon.csproj", "{F5C123A1-6E24-4C7B-B365-415437CF7EC5}"
EndProject
Project("{9A19103F-16F7-4668-BE54-9A1E7A4F7556}") = "OnlineStoreMicroservices.MessageBus", "OnlineStoreMicroservices.MessageBus\OnlineStoreMicroservices.MessageBus.csproj", "{BA6EFAF1-ADF0-421F-82C6-E34E915478DE}"
EndProject
Project("{FAE04EC0-301F-11D3-BF4B-00C04F79EFBC}") = "OnlineStoreMicroservices.Warehouse", "OnlineStoreMicroservices.Warehouse\OnlineStoreMicroservices.Warehouse.csproj", "{481E32C3-5B68-4D73-B7A7-BE5399FF711C}"
EndProject
Project("{FAE04EC0-301F-11D3-BF4B-00C04F79EFBC}") = "OnlineStoreMicroservices.AccountantsDepartment", "OnlineStoreMicroservices.AccountantsDepartment\OnlineStoreMicroservices.AccountantsDepartment.csproj", "{86070FAB-8C9A-4CCD-852D-C2CC7CD927FD}"
EndProject
Project("{FAE04EC0-301F-11D3-BF4B-00C04F79EFBC}") = "OnlineStoreMicroservices.StateMachine", "OnlineStoreMicroservices.StateMachine\OnlineStoreMicroservices.StateMachine.csproj", "{FA7F5C01-E099-4545-87F9-7A6FF15A7D62}"
EndProject
Global
	GlobalSection(SolutionConfigurationPlatforms) = preSolution
		Debug|Any CPU = Debug|Any CPU
		Release|Any CPU = Release|Any CPU
	EndGlobalSection
	GlobalSection(ProjectConfigurationPlatforms) = postSolution
		{D94C6011-54CF-4D49-9C11-1A5AA4F9DEF5}.Debug|Any CPU.ActiveCfg = Debug|Any CPU
		{D94C6011-54CF-4D49-9C11-1A5AA4F9DEF5}.Debug|Any CPU.Build.0 = Debug|Any CPU
		{D94C6011-54CF-4D49-9C11-1A5AA4F9DEF5}.Release|Any CPU.ActiveCfg = Release|Any CPU
		{D94C6011-54CF-4D49-9C11-1A5AA4F9DEF5}.Release|Any CPU.Build.0 = Release|Any CPU
		{F5C123A1-6E24-4C7B-B365-415437CF7EC5}.Debug|Any CPU.ActiveCfg = Debug|Any CPU
		{F5C123A1-6E24-4C7B-B365-415437CF7EC5}.Debug|Any CPU.Build.0 = Debug|Any CPU
		{F5C123A1-6E24-4C7B-B365-415437CF7EC5}.Release|Any CPU.ActiveCfg = Release|Any CPU
		{F5C123A1-6E24-4C7B-B365-415437CF7EC5}.Release|Any CPU.Build.0 = Release|Any CPU
		{BA6EFAF1-ADF0-421F-82C6-E34E915478DE}.Debug|Any CPU.ActiveCfg = Debug|Any CPU
		{BA6EFAF1-ADF0-421F-82C6-E34E915478DE}.Debug|Any CPU.Build.0 = Debug|Any CPU
		{BA6EFAF1-ADF0-421F-82C6-E34E915478DE}.Release|Any CPU.ActiveCfg = Release|Any CPU
		{BA6EFAF1-ADF0-421F-82C6-E34E915478DE}.Release|Any CPU.Build.0 = Release|Any CPU
		{481E32C3-5B68-4D73-B7A7-BE5399FF711C}.Debug|Any CPU.ActiveCfg = Debug|Any CPU
		{481E32C3-5B68-4D73-B7A7-BE5399FF711C}.Debug|Any CPU.Build.0 = Debug|Any CPU
		{481E32C3-5B68-4D73-B7A7-BE5399FF711C}.Release|Any CPU.ActiveCfg = Release|Any CPU
		{481E32C3-5B68-4D73-B7A7-BE5399FF711C}.Release|Any CPU.Build.0 = Release|Any CPU
		{86070FAB-8C9A-4CCD-852D-C2CC7CD927FD}.Debug|Any CPU.ActiveCfg = Debug|Any CPU
		{86070FAB-8C9A-4CCD-852D-C2CC7CD927FD}.Debug|Any CPU.Build.0 = Debug|Any CPU
		{86070FAB-8C9A-4CCD-852D-C2CC7CD927FD}.Release|Any CPU.ActiveCfg = Release|Any CPU
		{86070FAB-8C9A-4CCD-852D-C2CC7CD927FD}.Release|Any CPU.Build.0 = Release|Any CPU
		{FA7F5C01-E099-4545-87F9-7A6FF15A7D62}.Debug|Any CPU.ActiveCfg = Debug|Any CPU
		{FA7F5C01-E099-4545-87F9-7A6FF15A7D62}.Debug|Any CPU.Build.0 = Debug|Any CPU
		{FA7F5C01-E099-4545-87F9-7A6FF15A7D62}.Release|Any CPU.ActiveCfg = Release|Any CPU
		{FA7F5C01-E099-4545-87F9-7A6FF15A7D62}.Release|Any CPU.Build.0 = Release|Any CPU
	EndGlobalSection
	GlobalSection(SolutionProperties) = preSolution
		HideSolutionNode = FALSE
	EndGlobalSection
	GlobalSection(ExtensibilityGlobals) = postSolution
		SolutionGuid = {9891145C-DABB-4BF2-86A8-C031CA4E1968}
	EndGlobalSection
EndGlobal
